
Microsoft Visual Studio Solution File, Format Version 12.00
# Visual Studio Version 16
VisualStudioVersion = 16.0.29709.97
MinimumVisualStudioVersion = 10.0.40219.1
Project("{FAE04EC0-301F-11D3-BF4B-00C04F79EFBC}") = "BikeStandApp3.Android", "BikeStandApp3\BikeStandApp3.Android\BikeStandApp3.Android.csproj", "{83BA2CCC-3785-4FB0-AEB2-43A7C5DC3733}"
EndProject
Project("{FAE04EC0-301F-11D3-BF4B-00C04F79EFBC}") = "BikeStandApp3", "BikeStandApp3\BikeStandApp3\BikeStandApp3.csproj", "{2D3CCCFF-A85D-45E9-92F8-9A0F064C1AFB}"
EndProject
Global
	GlobalSection(SolutionConfigurationPlatforms) = preSolution
		Debug|Any CPU = Debug|Any CPU
		Release|Any CPU = Release|Any CPU
	EndGlobalSection
	GlobalSection(ProjectConfigurationPlatforms) = postSolution
		{83BA2CCC-3785-4FB0-AEB2-43A7C5DC3733}.Debug|Any CPU.ActiveCfg = Debug|Any CPU
		{83BA2CCC-3785-4FB0-AEB2-43A7C5DC3733}.Debug|Any CPU.Build.0 = Debug|Any CPU
		{83BA2CCC-3785-4FB0-AEB2-43A7C5DC3733}.Debug|Any CPU.Deploy.0 = Debug|Any CPU
		{83BA2CCC-3785-4FB0-AEB2-43A7C5DC3733}.Release|Any CPU.ActiveCfg = Release|Any CPU
		{83BA2CCC-3785-4FB0-AEB2-43A7C5DC3733}.Release|Any CPU.Build.0 = Release|Any CPU
		{83BA2CCC-3785-4FB0-AEB2-43A7C5DC3733}.Release|Any CPU.Deploy.0 = Release|Any CPU
		{2D3CCCFF-A85D-45E9-92F8-9A0F064C1AFB}.Debug|Any CPU.ActiveCfg = Debug|Any CPU
		{2D3CCCFF-A85D-45E9-92F8-9A0F064C1AFB}.Debug|Any CPU.Build.0 = Debug|Any CPU
		{2D3CCCFF-A85D-45E9-92F8-9A0F064C1AFB}.Debug|Any CPU.Deploy.0 = Debug|Any CPU
		{2D3CCCFF-A85D-45E9-92F8-9A0F064C1AFB}.Release|Any CPU.ActiveCfg = Release|Any CPU
		{2D3CCCFF-A85D-45E9-92F8-9A0F064C1AFB}.Release|Any CPU.Build.0 = Release|Any CPU
		{2D3CCCFF-A85D-45E9-92F8-9A0F064C1AFB}.Release|Any CPU.Deploy.0 = Release|Any CPU
	EndGlobalSection
	GlobalSection(SolutionProperties) = preSolution
		HideSolutionNode = FALSE
	EndGlobalSection
	GlobalSection(ExtensibilityGlobals) = postSolution
		SolutionGuid = {F0DC6FB8-2C56-4C0C-A008-CB58AE9A4714}
	EndGlobalSection
EndGlobal
